# This file is automatically @generated by Cargo.
# It is not intended for manual editing.
version = 4

[[package]]
name = "rgba-arm7tdmi"
version = "0.1.0"
dependencies = [
 "rgba-utils",
]

[[package]]
name = "rgba-core"
version = "0.1.0"
dependencies = [
 "rgba-arm7tdmi",
 "rgba-utils",
]

[[package]]
name = "rgba-desktop"
version = "0.1.0"
dependencies = [
 "rgba-core",
]

[[package]]
name = "rgba-utils"
version = "0.1.0"
